# This file is automatically @generated by Poetry 2.3.4 and should not be changed by hand.

[[package]]
name = "beartype"
version = "0.22.9"
description = "Unbearably fast near-real-time pure-Python runtime-static type-checker."
optional = false
python-versions = ">=3.10"
groups = ["main"]
files = [
    {file = "beartype-0.22.9-py3-none-any.whl", hash = "sha256:d16c9bbc61ea14637596c5f6fbff2ee99cbe3573e46a716401734ef50c3060c2"},
    {file = "beartype-0.22.9.tar.gz", hash = "sha256:8f82b54aa723a2848a56008d18875f91c1db02c32ef6a62319a002e3e25a975f"},
]

[package.extras]
dev = ["autoapi (>=0.9.0)", "celery", "click", "coverage (>=5.5)", "docutils (>=0.22.0)", "equinox ; sys_platform == \"linux\" and python_version < \"3.15.0\"", "fastmcp ; python_version < \"3.14.0\"", "jax[cpu] ; sys_platform == \"linux\" and python_version < \"3.15.0\"", "jaxtyping ; sys_platform == \"linux\"", "langchain ; python_version < \"3.14.0\" and sys_platform != \"darwin\" and platform_python_implementation != \"PyPy\"", "mypy (>=0.800) ; platform_python_implementation != \"PyPy\"", "nuitka (>=1.2.6) ; sys_platform == \"linux\" and python_version < \"3.14.0\"", "numba ; python_version < \"3.14.0\"", "numpy ; python_version < \"3.15.0\" and sys_platform != \"darwin\" and platform_python_implementation != \"PyPy\"", "pandera (>=0.26.0) ; python_version < \"3.14.0\"", "poetry", "polars ; python_version < \"3.14.0\"", "pydata-sphinx-theme (<=0.7.2)", "pygments", "pyinstaller", "pyright (>=1.1.370)", "pytest (>=6.2.0)", "redis", "rich-click", "setuptools", "sphinx", "sphinx (>=4.2.0,<6.0.0)", "sphinxext-opengraph (>=0.7.5)", "sqlalchemy", "torch ; sys_platform == \"linux\" and python_version < \"3.14.0\"", "tox (>=3.20.1)", "typer", "typing-extensions (>=3.10.0.0)", "xarray ; python_version < \"3.15.0\""]
doc-ghp = ["mkdocs-material[imaging] (>=9.6.0)", "mkdocstrings-python (>=1.16.0)", "mkdocstrings-python-xref (>=1.16.0)"]
doc-rtd = ["autoapi (>=0.9.0)", "pydata-sphinx-theme (<=0.7.2)", "setuptools", "sphinx (>=4.2.0,<6.0.0)", "sphinxext-opengraph (>=0.7.5)"]
test = ["celery", "click", "coverage (>=5.5)", "docutils (>=0.22.0)", "equinox ; sys_platform == \"linux\" and python_version < \"3.15.0\"", "fastmcp ; python_version < \"3.14.0\"", "jax[cpu] ; sys_platform == \"linux\" and python_version < \"3.15.0\"", "jaxtyping ; sys_platform == \"linux\"", "langchain ; python_version < \"3.14.0\" and sys_platform != \"darwin\" and platform_python_implementation != \"PyPy\"", "mypy (>=0.800) ; platform_python_implementation != \"PyPy\"", "nuitka (>=1.2.6) ; sys_platform == \"linux\" and python_version < \"3.14.0\"", "numba ; python_version < \"3.14.0\"", "numpy ; python_version < \"3.15.0\" and sys_platform != \"darwin\" and platform_python_implementation != \"PyPy\"", "pandera (>=0.26.0) ; python_version < \"3.14.0\"", "poetry", "polars ; python_version < \"3.14.0\"", "pygments", "pyinstaller", "pyright (>=1.1.370)", "pytest (>=6.2.0)", "redis", "rich-click", "sphinx", "sqlalchemy", "torch ; sys_platform == \"linux\" and python_version < \"3.14.0\"", "tox (>=3.20.1)", "typer", "typing-extensions (>=3.10.0.0)", "xarray ; python_version < \"3.15.0\""]
test-tox = ["celery", "click", "docutils (>=0.22.0)", "equinox ; sys_platform == \"linux\" and python_version < \"3.15.0\"", "fastmcp ; python_version < \"3.14.0\"", "jax[cpu] ; sys_platform == \"linux\" and python_version < \"3.15.0\"", "jaxtyping ; sys_platform == \"linux\"", "langchain ; python_version < \"3.14.0\" and sys_platform != \"darwin\" and platform_python_implementation != \"PyPy\"", "mypy (>=0.800) ; platform_python_implementation != \"PyPy\"", "nuitka (>=1.2.6) ; sys_platform == \"linux\" and python_version < \"3.14.0\"", "numba ; python_version < \"3.14.0\"", "numpy ; python_version < \"3.15.0\" and sys_platform != \"darwin\" and platform_python_implementation != \"PyPy\"", "pandera (>=0.26.0) ; python_version < \"3.14.0\"", "poetry", "polars ; python_version < \"3.14.0\"", "pygments", "pyinstaller", "pyright (>=1.1.370)", "pytest (>=6.2.0)", "redis", "rich-click", "sphinx", "sqlalchemy", "torch ; sys_platform == \"linux\" and python_version < \"3.14.0\"", "typer", "typing-extensions (>=3.10.0.0)", "xarray ; python_version < \"3.15.0\""]
test-tox-coverage = ["coverage (>=5.5)"]

[[package]]
name = "colorama"
version = "0.4.6"
description = "Cross-platform colored terminal text."
optional = false
python-versions = "!=3.0.*,!=3.1.*,!=3.2.*,!=3.3.*,!=3.4.*,!=3.5.*,!=3.6.*,>=2.7"
groups = ["dev"]
markers = "sys_platform == \"win32\""
files = [
    {file = "colorama-0.4.6-py2.py3-none-any.whl", hash = "sha256:4f1d9991f5acc0ca119f9d443620b77f9d6b33703e51011c16baf57afb285fc6"},
    {file = "colorama-0.4.6.tar.gz", hash = "sha256:08695f5cb7ed6e0531a20572697297273c47b8cae5a63ffc6d6ed5c201be6e44"},
]

[[package]]
name = "dyce"
version = "0.6.2"
description = "Simple Python tools for exploring dice outcomes and other finite discrete probabilities"
optional = false
python-versions = ">=3.9"
groups = ["main"]
files = [
    {file = "dyce-0.6.2-py3-none-any.whl", hash = "sha256:04287b6e0c8c3253319adb962909d818c588bb97ea2f976851fb913619f10099"},
]

[package.dependencies]
numerary = ">=0.4.3,<0.5.0"

[package.extras]
dev = ["numpy", "pandas", "pre-commit", "sympy (>=1.9,<2.0)", "tox (>=4.0,<5.0)", "versioningit (>=2.0,<3.0)"]

[[package]]
name = "iniconfig"
version = "2.3.0"
description = "brain-dead simple config-ini parsing"
optional = false
python-versions = ">=3.10"
groups = ["dev"]
files = [
    {file = "iniconfig-2.3.0-py3-none-any.whl", hash = "sha256:f631c04d2c48c52b84d0d0549c99ff3859c98df65b3101406327ecc7d53fbf12"},
    {file = "iniconfig-2.3.0.tar.gz", hash = "sha256:c76315c77db068650d49c5b56314774a7804df16fee4402c1f19d6d15d8c4730"},
]

[[package]]
name = "numerary"
version = "0.4.4"
description = "Python hacks for type-checking numbers"
optional = false
python-versions = ">=3.8"
groups = ["main"]
files = [
    {file = "numerary-0.4.4-py3-none-any.whl", hash = "sha256:ad955ddf7f5275f8e52f5520b2d6c654cc3bf1e3ae4bfb45664c9d51b208d0c6"},
]

[package.dependencies]
beartype = ">=0.15,<1.0"

[package.extras]
dev = ["numpy (>=1.25,<2.0)", "pre-commit", "sympy (>=1.9,<2.0)", "tox (>=4.0,<5.0)", "versioningit (>=2.0,<3.0)"]

[[package]]
name = "packaging"
version = "26.1"
description = "Core utilities for Python packages"
optional = false
python-versions = ">=3.8"
groups = ["dev"]
files = [
    {file = "packaging-26.1-py3-none-any.whl", hash = "sha256:5d9c0669c6285e491e0ced2eee587eaf67b670d94a19e94e3984a481aba6802f"},
    {file = "packaging-26.1.tar.gz", hash = "sha256:f042152b681c4bfac5cae2742a55e103d27ab2ec0f3d88037136b6bfe7c9c5de"},
]

[[package]]
name = "pluggy"
version = "1.6.0"
description = "plugin and hook calling mechanisms for python"
optional = false
python-versions = ">=3.9"
groups = ["dev"]
files = [
    {file = "pluggy-1.6.0-py3-none-any.whl", hash = "sha256:e920276dd6813095e9377c0bc5566d94c932c33b27a3e3945d8389c374dd4746"},
    {file = "pluggy-1.6.0.tar.gz", hash = "sha256:7dcc130b76258d33b90f61b658791dede3486c3e6bfb003ee5c9bfb396dd22f3"},
]

[package.extras]
dev = ["pre-commit", "tox"]
testing = ["coverage", "pytest", "pytest-benchmark"]

[[package]]
name = "pygments"
version = "2.20.0"
description = "Pygments is a syntax highlighting package written in Python."
optional = false
python-versions = ">=3.9"
groups = ["dev"]
files = [
    {file = "pygments-2.20.0-py3-none-any.whl", hash = "sha256:81a9e26dd42fd28a23a2d169d86d7ac03b46e2f8b59ed4698fb4785f946d0176"},
    {file = "pygments-2.20.0.tar.gz", hash = "sha256:6757cd03768053ff99f3039c1a36d6c0aa0b263438fcab17520b30a303a82b5f"},
]

[package.extras]
windows-terminal = ["colorama (>=0.4.6)"]

[[package]]
name = "pytest"
version = "8.4.2"
description = "pytest: simple powerful testing with Python"
optional = false
python-versions = ">=3.9"
groups = ["dev"]
files = [
    {file = "pytest-8.4.2-py3-none-any.whl", hash = "sha256:872f880de3fc3a5bdc88a11b39c9710c3497a547cfa9320bc3c5e62fbf272e79"},
    {file = "pytest-8.4.2.tar.gz", hash = "sha256:86c0d0b93306b961d58d62a4db4879f27fe25513d4b969df351abdddb3c30e01"},
]

[package.dependencies]
colorama = {version = ">=0.4", markers = "sys_platform == \"win32\""}
iniconfig = ">=1"
packaging = ">=20"
pluggy = ">=1.5,<2"
pygments = ">=2.7.2"

[package.extras]
dev = ["argcomplete", "attrs (>=19.2)", "hypothesis (>=3.56)", "mock", "requests", "setuptools", "xmlschema"]

[metadata]
lock-version = "2.1"
python-versions = ">=3.11,<3.15"
content-hash = "910402df0ad29da9018bc244216a2b70db15f22458b843e44cef4ff545d741ed"
